// !$*UTF8*$!
{
	archiveVersion = 1;
	classes = {
	};
	objectVersion = 55;
	objects = {

/* Begin PBXBuildFile section */
		09F5E05D2791576C0005D542 /* AppDelegate.swift in Sources */ = {isa = PBXBuildFile; fileRef = 09F5E05C2791576C0005D542 /* AppDelegate.swift */; };
		09F5E05F2791576C0005D542 /* SceneDelegate.swift in Sources */ = {isa = PBXBuildFile; fileRef = 09F5E05E2791576C0005D542 /* SceneDelegate.swift */; };
		09F5E0662791576F0005D542 /* Assets.xcassets in Resources */ = {isa = PBXBuildFile; fileRef = 09F5E0652791576F0005D542 /* Assets.xcassets */; };
		09F5E0692791576F0005D542 /* LaunchScreen.storyboard in Resources */ = {isa = PBXBuildFile; fileRef = 09F5E0672791576F0005D542 /* LaunchScreen.storyboard */; };
		09F5E0742791576F0005D542 /* VIPERTests.swift in Sources */ = {isa = PBXBuildFile; fileRef = 09F5E0732791576F0005D542 /* VIPERTests.swift */; };
		09F5E07E2791576F0005D542 /* VIPERUITests.swift in Sources */ = {isa = PBXBuildFile; fileRef = 09F5E07D2791576F0005D542 /* VIPERUITests.swift */; };
		09F5E0802791576F0005D542 /* VIPERUITestsLaunchTests.swift in Sources */ = {isa = PBXBuildFile; fileRef = 09F5E07F2791576F0005D542 /* VIPERUITestsLaunchTests.swift */; };
		09F5E08E279157AB0005D542 /* View.swift in Sources */ = {isa = PBXBuildFile; fileRef = 09F5E08D279157AB0005D542 /* View.swift */; };
		09F5E090279157B60005D542 /* Interactor.swift in Sources */ = {isa = PBXBuildFile; fileRef = 09F5E08F279157B60005D542 /* Interactor.swift */; };
		09F5E092279157BF0005D542 /* Presenter.swift in Sources */ = {isa = PBXBuildFile; fileRef = 09F5E091279157BF0005D542 /* Presenter.swift */; };
		09F5E094279157CC0005D542 /* Entity.swift in Sources */ = {isa = PBXBuildFile; fileRef = 09F5E093279157CC0005D542 /* Entity.swift */; };
		09F5E096279157D40005D542 /* Router.swift in Sources */ = {isa = PBXBuildFile; fileRef = 09F5E095279157D40005D542 /* Router.swift */; };
/* End PBXBuildFile section */

/* Begin PBXContainerItemProxy section */
		09F5E0702791576F0005D542 /* PBXContainerItemProxy */ = {
			isa = PBXContainerItemProxy;
			containerPortal = 09F5E0512791576C0005D542 /* Project object */;
			proxyType = 1;
			remoteGlobalIDString = 09F5E0582791576C0005D542;
			remoteInfo = VIPER;
		};
		09F5E07A2791576F0005D542 /* PBXContainerItemProxy */ = {
			isa = PBXContainerItemProxy;
			containerPortal = 09F5E0512791576C0005D542 /* Project object */;
			proxyType = 1;
			remoteGlobalIDString = 09F5E0582791576C0005D542;
			remoteInfo = VIPER;
		};
/* End PBXContainerItemProxy section */

/* Begin PBXFileReference section */
		09F5E0592791576C0005D542 /* VIPER.app */ = {isa = PBXFileReference; explicitFileType = wrapper.application; includeInIndex = 0; path = VIPER.app; sourceTree = BUILT_PRODUCTS_DIR; };
		09F5E05C2791576C0005D542 /* AppDelegate.swift */ = {isa = PBXFileReference; lastKnownFileType = sourcecode.swift; path = AppDelegate.swift; sourceTree = "<group>"; };
		09F5E05E2791576C0005D542 /* SceneDelegate.swift */ = {isa = PBXFileReference; lastKnownFileType = sourcecode.swift; path = SceneDelegate.swift; sourceTree = "<group>"; };
		09F5E0652791576F0005D542 /* Assets.xcassets */ = {isa = PBXFileReference; lastKnownFileType = folder.assetcatalog; path = Assets.xcassets; sourceTree = "<group>"; };
		09F5E0682791576F0005D542 /* Base */ = {isa = PBXFileReference; lastKnownFileType = file.storyboard; name = Base; path = Base.lproj/LaunchScreen.storyboard; sourceTree = "<group>"; };
		09F5E06A2791576F0005D542 /* Info.plist */ = {isa = PBXFileReference; lastKnownFileType = text.plist.xml; path = Info.plist; sourceTree = "<group>"; };
		09F5E06F2791576F0005D542 /* VIPERTests.xctest */ = {isa = PBXFileReference; explicitFileType = wrapper.cfbundle; includeInIndex = 0; path = VIPERTests.xctest; sourceTree = BUILT_PRODUCTS_DIR; };
		09F5E0732791576F0005D542 /* VIPERTests.swift */ = {isa = PBXFileReference; lastKnownFileType = sourcecode.swift; path = VIPERTests.swift; sourceTree = "<group>"; };
		09F5E0792791576F0005D542 /* VIPERUITests.xctest */ = {isa = PBXFileReference; explicitFileType = wrapper.cfbundle; includeInIndex = 0; path = VIPERUITests.xctest; sourceTree = BUILT_PRODUCTS_DIR; };
		09F5E07D2791576F0005D542 /* VIPERUITests.swift */ = {isa = PBXFileReference; lastKnownFileType = sourcecode.swift; path = VIPERUITests.swift; sourceTree = "<group>"; };
		09F5E07F2791576F0005D542 /* VIPERUITestsLaunchTests.swift */ = {isa = PBXFileReference; lastKnownFileType = sourcecode.swift; path = VIPERUITestsLaunchTests.swift; sourceTree = "<group>"; };
		09F5E08D279157AB0005D542 /* View.swift */ = {isa = PBXFileReference; lastKnownFileType = sourcecode.swift; path = View.swift; sourceTree = "<group>"; };
		09F5E08F279157B60005D542 /* Interactor.swift */ = {isa = PBXFileReference; lastKnownFileType = sourcecode.swift; path = Interactor.swift; sourceTree = "<group>"; };
		09F5E091279157BF0005D542 /* Presenter.swift */ = {isa = PBXFileReference; lastKnownFileType = sourcecode.swift; path = Presenter.swift; sourceTree = "<group>"; };
		09F5E093279157CC0005D542 /* Entity.swift */ = {isa = PBXFileReference; lastKnownFileType = sourcecode.swift; path = Entity.swift; sourceTree = "<group>"; };
		09F5E095279157D40005D542 /* Router.swift */ = {isa = PBXFileReference; lastKnownFileType = sourcecode.swift; path = Router.swift; sourceTree = "<group>"; };
/* End PBXFileReference section */

/* Begin PBXFrameworksBuildPhase section */
		09F5E0562791576C0005D542 /* Frameworks */ = {
			isa = PBXFrameworksBuildPhase;
			buildActionMask = 2147483647;
			files = (
			);
			runOnlyForDeploymentPostprocessing = 0;
		};
		09F5E06C2791576F0005D542 /* Frameworks */ = {
			isa = PBXFrameworksBuildPhase;
			buildActionMask = 2147483647;
			files = (
			);
			runOnlyForDeploymentPostprocessing = 0;
		};
		09F5E0762791576F0005D542 /* Frameworks */ = {
			isa = PBXFrameworksBuildPhase;
			buildActionMask = 2147483647;
			files = (
			);
			runOnlyForDeploymentPostprocessing = 0;
		};
/* End PBXFrameworksBuildPhase section */

/* Begin PBXGroup section */
		09F5E0502791576C0005D542 = {
			isa = PBXGroup;
			children = (
				09F5E05B2791576C0005D542 /* VIPER */,
				09F5E0722791576F0005D542 /* VIPERTests */,
				09F5E07C2791576F0005D542 /* VIPERUITests */,
				09F5E05A2791576C0005D542 /* Products */,
			);
			sourceTree = "<group>";
		};
		09F5E05A2791576C0005D542 /* Products */ = {
			isa = PBXGroup;
			children = (
				09F5E0592791576C0005D542 /* VIPER.app */,
				09F5E06F2791576F0005D542 /* VIPERTests.xctest */,
				09F5E0792791576F0005D542 /* VIPERUITests.xctest */,
			);
			name = Products;
			sourceTree = "<group>";
		};
		09F5E05B2791576C0005D542 /* VIPER */ = {
			isa = PBXGroup;
			children = (
				09F5E08C279157A10005D542 /* VIPER */,
				09F5E05C2791576C0005D542 /* AppDelegate.swift */,
				09F5E05E2791576C0005D542 /* SceneDelegate.swift */,
				09F5E0652791576F0005D542 /* Assets.xcassets */,
				09F5E0672791576F0005D542 /* LaunchScreen.storyboard */,
				09F5E06A2791576F0005D542 /* Info.plist */,
			);
			path = VIPER;
			sourceTree = "<group>";
		};
		09F5E0722791576F0005D542 /* VIPERTests */ = {
			isa = PBXGroup;
			children = (
				09F5E0732791576F0005D542 /* VIPERTests.swift */,
			);
			path = VIPERTests;
			sourceTree = "<group>";
		};
		09F5E07C2791576F0005D542 /* VIPERUITests */ = {
			isa = PBXGroup;
			children = (
				09F5E07D2791576F0005D542 /* VIPERUITests.swift */,
				09F5E07F2791576F0005D542 /* VIPERUITestsLaunchTests.swift */,
			);
			path = VIPERUITests;
			sourceTree = "<group>";
		};
		09F5E08C279157A10005D542 /* VIPER */ = {
			isa = PBXGroup;
			children = (
				09F5E08D279157AB0005D542 /* View.swift */,
				09F5E08F279157B60005D542 /* Interactor.swift */,
				09F5E091279157BF0005D542 /* Presenter.swift */,
				09F5E093279157CC0005D542 /* Entity.swift */,
				09F5E095279157D40005D542 /* Router.swift */,
			);
			path = VIPER;
			sourceTree = "<group>";
		};
/* End PBXGroup section */

/* Begin PBXNativeTarget section */
		09F5E0582791576C0005D542 /* VIPER */ = {
			isa = PBXNativeTarget;
			buildConfigurationList = 09F5E083279157700005D542 /* Build configuration list for PBXNativeTarget "VIPER" */;
			buildPhases = (
				09F5E0552791576C0005D542 /* Sources */,
				09F5E0562791576C0005D542 /* Frameworks */,
				09F5E0572791576C0005D542 /* Resources */,
			);
			buildRules = (
			);
			dependencies = (
			);
			name = VIPER;
			productName = VIPER;
			productReference = 09F5E0592791576C0005D542 /* VIPER.app */;
			productType = "com.apple.product-type.application";
		};
		09F5E06E2791576F0005D542 /* VIPERTests */ = {
			isa = PBXNativeTarget;
			buildConfigurationList = 09F5E086279157700005D542 /* Build configuration list for PBXNativeTarget "VIPERTests" */;
			buildPhases = (
				09F5E06B2791576F0005D542 /* Sources */,
				09F5E06C2791576F0005D542 /* Frameworks */,
				09F5E06D2791576F0005D542 /* Resources */,
			);
			buildRules = (
			);
			dependencies = (
				09F5E0712791576F0005D542 /* PBXTargetDependency */,
			);
			name = VIPERTests;
			productName = VIPERTests;
			productReference = 09F5E06F2791576F0005D542 /* VIPERTests.xctest */;
			productType = "com.apple.product-type.bundle.unit-test";
		};
		09F5E0782791576F0005D542 /* VIPERUITests */ = {
			isa = PBXNativeTarget;
			buildConfigurationList = 09F5E089279157700005D542 /* Build configuration list for PBXNativeTarget "VIPERUITests" */;
			buildPhases = (
				09F5E0752791576F0005D542 /* Sources */,
				09F5E0762791576F0005D542 /* Frameworks */,
				09F5E0772791576F0005D542 /* Resources */,
			);
			buildRules = (
			);
			dependencies = (
				09F5E07B2791576F0005D542 /* PBXTargetDependency */,
			);
			name = VIPERUITests;
			productName = VIPERUITests;
			productReference = 09F5E0792791576F0005D542 /* VIPERUITests.xctest */;
			productType = "com.apple.product-type.bundle.ui-testing";
		};
/* End PBXNativeTarget section */

/* Begin PBXProject section */
		09F5E0512791576C0005D542 /* Project object */ = {
			isa = PBXProject;
			attributes = {
				BuildIndependentTargetsInParallel = 1;
				LastSwiftUpdateCheck = 1310;
				LastUpgradeCheck = 1310;
				TargetAttributes = {
					09F5E0582791576C0005D542 = {
						CreatedOnToolsVersion = 13.1;
					};
					09F5E06E2791576F0005D542 = {
						CreatedOnToolsVersion = 13.1;
						TestTargetID = 09F5E0582791576C0005D542;
					};
					09F5E0782791576F0005D542 = {
						CreatedOnToolsVersion = 13.1;
						TestTargetID = 09F5E0582791576C0005D542;
					};
				};
			};
			buildConfigurationList = 09F5E0542791576C0005D542 /* Build configuration list for PBXProject "VIPER" */;
			compatibilityVersion = "Xcode 13.0";
			developmentRegion = en;
			hasScannedForEncodings = 0;
			knownRegions = (
				en,
				Base,
			);
			mainGroup = 09F5E0502791576C0005D542;
			productRefGroup = 09F5E05A2791576C0005D542 /* Products */;
			projectDirPath = "";
			projectRoot = "";
			targets = (
				09F5E0582791576C0005D542 /* VIPER */,
				09F5E06E2791576F0005D542 /* VIPERTests */,
				09F5E0782791576F0005D542 /* VIPERUITests */,
			);
		};
/* End PBXProject section */

/* Begin PBXResourcesBuildPhase section */
		09F5E0572791576C0005D542 /* Resources */ = {
			isa = PBXResourcesBuildPhase;
			buildActionMask = 2147483647;
			files = (
				09F5E0692791576F0005D542 /* LaunchScreen.storyboard in Resources */,
				09F5E0662791576F0005D542 /* Assets.xcassets in Resources */,
			);
			runOnlyForDeploymentPostprocessing = 0;
		};
		09F5E06D2791576F0005D542 /* Resources */ = {
			isa = PBXResourcesBuildPhase;
			buildActionMask = 2147483647;
			files = (
			);
			runOnlyForDeploymentPostprocessing = 0;
		};
		09F5E0772791576F0005D542 /* Resources */ = {
			isa = PBXResourcesBuildPhase;
			buildActionMask = 2147483647;
			files = (
			);
			runOnlyForDeploymentPostprocessing = 0;
		};
/* End PBXResourcesBuildPhase section */

/* Begin PBXSourcesBuildPhase section */
		09F5E0552791576C0005D542 /* Sources */ = {
			isa = PBXSourcesBuildPhase;
			buildActionMask = 2147483647;
			files = (
				09F5E096279157D40005D542 /* Router.swift in Sources */,
				09F5E092279157BF0005D542 /* Presenter.swift in Sources */,
				09F5E08E279157AB0005D542 /* View.swift in Sources */,
				09F5E094279157CC0005D542 /* Entity.swift in Sources */,
				09F5E090279157B60005D542 /* Interactor.swift in Sources */,
				09F5E05D2791576C0005D542 /* AppDelegate.swift in Sources */,
				09F5E05F2791576C0005D542 /* SceneDelegate.swift in Sources */,
			);
			runOnlyForDeploymentPostprocessing = 0;
		};
		09F5E06B2791576F0005D542 /* Sources */ = {
			isa = PBXSourcesBuildPhase;
			buildActionMask = 2147483647;
			files = (
				09F5E0742791576F0005D542 /* VIPERTests.swift in Sources */,
			);
			runOnlyForDeploymentPostprocessing = 0;
		};
		09F5E0752791576F0005D542 /* Sources */ = {
			isa = PBXSourcesBuildPhase;
			buildActionMask = 2147483647;
			files = (
				09F5E07E2791576F0005D542 /* VIPERUITests.swift in Sources */,
				09F5E0802791576F0005D542 /* VIPERUITestsLaunchTests.swift in Sources */,
			);
			runOnlyForDeploymentPostprocessing = 0;
		};
/* End PBXSourcesBuildPhase section */

/* Begin PBXTargetDependency section */
		09F5E0712791576F0005D542 /* PBXTargetDependency */ = {
			isa = PBXTargetDependency;
			target = 09F5E0582791576C0005D542 /* VIPER */;
			targetProxy = 09F5E0702791576F0005D542 /* PBXContainerItemProxy */;
		};
		09F5E07B2791576F0005D542 /* PBXTargetDependency */ = {
			isa = PBXTargetDependency;
			target = 09F5E0582791576C0005D542 /* VIPER */;
			targetProxy = 09F5E07A2791576F0005D542 /* PBXContainerItemProxy */;
		};
/* End PBXTargetDependency section */

/* Begin PBXVariantGroup section */
		09F5E0672791576F0005D542 /* LaunchScreen.storyboard */ = {
			isa = PBXVariantGroup;
			children = (
				09F5E0682791576F0005D542 /* Base */,
			);
			name = LaunchScreen.storyboard;
			sourceTree = "<group>";
		};
/* End PBXVariantGroup section */

/* Begin XCBuildConfiguration section */
		09F5E081279157700005D542 /* Debug */ = {
			isa = XCBuildConfiguration;
			buildSettings = {
				ALWAYS_SEARCH_USER_PATHS = NO;
				CLANG_ANALYZER_NONNULL = YES;
				CLANG_ANALYZER_NUMBER_OBJECT_CONVERSION = YES_AGGRESSIVE;
				CLANG_CXX_LANGUAGE_STANDARD = "gnu++17";
				CLANG_CXX_LIBRARY = "libc++";
				CLANG_ENABLE_MODULES = YES;
				CLANG_ENABLE_OBJC_ARC = YES;
				CLANG_ENABLE_OBJC_WEAK = YES;
				CLANG_WARN_BLOCK_CAPTURE_AUTORELEASING = YES;
				CLANG_WARN_BOOL_CONVERSION = YES;
				CLANG_WARN_COMMA = YES;
				CLANG_WARN_CONSTANT_CONVERSION = YES;
				CLANG_WARN_DEPRECATED_OBJC_IMPLEMENTATIONS = YES;
				CLANG_WARN_DIRECT_OBJC_ISA_USAGE = YES_ERROR;
				CLANG_WARN_DOCUMENTATION_COMMENTS = YES;
				CLANG_WARN_EMPTY_BODY = YES;
				CLANG_WARN_ENUM_CONVERSION = YES;
				CLANG_WARN_INFINITE_RECURSION = YES;
				CLANG_WARN_INT_CONVERSION = YES;
				CLANG_WARN_NON_LITERAL_NULL_CONVERSION = YES;
				CLANG_WARN_OBJC_IMPLICIT_RETAIN_SELF = YES;
				CLANG_WARN_OBJC_LITERAL_CONVERSION = YES;
				CLANG_WARN_OBJC_ROOT_CLASS = YES_ERROR;
				CLANG_WARN_QUOTED_INCLUDE_IN_FRAMEWORK_HEADER = YES;
				CLANG_WARN_RANGE_LOOP_ANALYSIS = YES;
				CLANG_WARN_STRICT_PROTOTYPES = YES;
				CLANG_WARN_SUSPICIOUS_MOVE = YES;
				CLANG_WARN_UNGUARDED_AVAILABILITY = YES_AGGRESSIVE;
				CLANG_WARN_UNREACHABLE_CODE = YES;
				CLANG_WARN__DUPLICATE_METHOD_MATCH = YES;
				COPY_PHASE_STRIP = NO;
				DEBUG_INFORMATION_FORMAT = dwarf;
				ENABLE_STRICT_OBJC_MSGSEND = YES;
				ENABLE_TESTABILITY = YES;
				GCC_C_LANGUAGE_STANDARD = gnu11;
				GCC_DYNAMIC_NO_PIC = NO;
				GCC_NO_COMMON_BLOCKS = YES;
				GCC_OPTIMIZATION_LEVEL = 0;
				GCC_PREPROCESSOR_DEFINITIONS = (
					"DEBUG=1",
					"$(inherited)",
				);
				GCC_WARN_64_TO_32_BIT_CONVERSION = YES;
				GCC_WARN_ABOUT_RETURN_TYPE = YES_ERROR;
				GCC_WARN_UNDECLARED_SELECTOR = YES;
				GCC_WARN_UNINITIALIZED_AUTOS = YES_AGGRESSIVE;
				GCC_WARN_UNUSED_FUNCTION = YES;
				GCC_WARN_UNUSED_VARIABLE = YES;
				IPHONEOS_DEPLOYMENT_TARGET = 15.0;
				MTL_ENABLE_DEBUG_INFO = INCLUDE_SOURCE;
				MTL_FAST_MATH = YES;
				ONLY_ACTIVE_ARCH = YES;
				SDKROOT = iphoneos;
				SWIFT_ACTIVE_COMPILATION_CONDITIONS = DEBUG;
				SWIFT_OPTIMIZATION_LEVEL = "-Onone";
			};
			name = Debug;
		};
		09F5E082279157700005D542 /* Release */ = {
			isa = XCBuildConfiguration;
			buildSettings = {
				ALWAYS_SEARCH_USER_PATHS = NO;
				CLANG_ANALYZER_NONNULL = YES;
				CLANG_ANALYZER_NUMBER_OBJECT_CONVERSION = YES_AGGRESSIVE;
				CLANG_CXX_LANGUAGE_STANDARD = "gnu++17";
				CLANG_CXX_LIBRARY = "libc++";
				CLANG_ENABLE_MODULES = YES;
				CLANG_ENABLE_OBJC_ARC = YES;
				CLANG_ENABLE_OBJC_WEAK = YES;
				CLANG_WARN_BLOCK_CAPTURE_AUTORELEASING = YES;
				CLANG_WARN_BOOL_CONVERSION = YES;
				CLANG_WARN_COMMA = YES;
				CLANG_WARN_CONSTANT_CONVERSION = YES;
				CLANG_WARN_DEPRECATED_OBJC_IMPLEMENTATIONS = YES;
				CLANG_WARN_DIRECT_OBJC_ISA_USAGE = YES_ERROR;
				CLANG_WARN_DOCUMENTATION_COMMENTS = YES;
				CLANG_WARN_EMPTY_BODY = YES;
				CLANG_WARN_ENUM_CONVERSION = YES;
				CLANG_WARN_INFINITE_RECURSION = YES;
				CLANG_WARN_INT_CONVERSION = YES;
				CLANG_WARN_NON_LITERAL_NULL_CONVERSION = YES;
				CLANG_WARN_OBJC_IMPLICIT_RETAIN_SELF = YES;
				CLANG_WARN_OBJC_LITERAL_CONVERSION = YES;
				CLANG_WARN_OBJC_ROOT_CLASS = YES_ERROR;
				CLANG_WARN_QUOTED_INCLUDE_IN_FRAMEWORK_HEADER = YES;
				CLANG_WARN_RANGE_LOOP_ANALYSIS = YES;
				CLANG_WARN_STRICT_PROTOTYPES = YES;
				CLANG_WARN_SUSPICIOUS_MOVE = YES;
				CLANG_WARN_UNGUARDED_AVAILABILITY = YES_AGGRESSIVE;
				CLANG_WARN_UNREACHABLE_CODE = YES;
				CLANG_WARN__DUPLICATE_METHOD_MATCH = YES;
				COPY_PHASE_STRIP = NO;
				DEBUG_INFORMATION_FORMAT = "dwarf-with-dsym";
				ENABLE_NS_ASSERTIONS = NO;
				ENABLE_STRICT_OBJC_MSGSEND = YES;
				GCC_C_LANGUAGE_STANDARD = gnu11;
				GCC_NO_COMMON_BLOCKS = YES;
				GCC_WARN_64_TO_32_BIT_CONVERSION = YES;
				GCC_WARN_ABOUT_RETURN_TYPE = YES_ERROR;
				GCC_WARN_UNDECLARED_SELECTOR = YES;
				GCC_WARN_UNINITIALIZED_AUTOS = YES_AGGRESSIVE;
				GCC_WARN_UNUSED_FUNCTION = YES;
				GCC_WARN_UNUSED_VARIABLE = YES;
				IPHONEOS_DEPLOYMENT_TARGET = 15.0;
				MTL_ENABLE_DEBUG_INFO = NO;
				MTL_FAST_MATH = YES;
				SDKROOT = iphoneos;
				SWIFT_COMPILATION_MODE = wholemodule;
				SWIFT_OPTIMIZATION_LEVEL = "-O";
				VALIDATE_PRODUCT = YES;
			};
			name = Release;
		};
		09F5E084279157700005D542 /* Debug */ = {
			isa = XCBuildConfiguration;
			buildSettings = {
				ASSETCATALOG_COMPILER_APPICON_NAME = AppIcon;
				ASSETCATALOG_COMPILER_GLOBAL_ACCENT_COLOR_NAME = AccentColor;
				CODE_SIGN_STYLE = Automatic;
				CURRENT_PROJECT_VERSION = 1;
				DEVELOPMENT_TEAM = 28M278MJ4L;
				GENERATE_INFOPLIST_FILE = YES;
				INFOPLIST_FILE = VIPER/Info.plist;
				INFOPLIST_KEY_UIApplicationSupportsIndirectInputEvents = YES;
				INFOPLIST_KEY_UILaunchStoryboardName = LaunchScreen;
				INFOPLIST_KEY_UIMainStoryboardFile = LaunchScreen;
				INFOPLIST_KEY_UISupportedInterfaceOrientations_iPad = "UIInterfaceOrientationPortrait UIInterfaceOrientationPortraitUpsideDown UIInterfaceOrientationLandscapeLeft UIInterfaceOrientationLandscapeRight";
				INFOPLIST_KEY_UISupportedInterfaceOrientations_iPhone = "UIInterfaceOrientationPortrait UIInterfaceOrientationLandscapeLeft UIInterfaceOrientationLandscapeRight";
				IPHONEOS_DEPLOYMENT_TARGET = 15.0;
				LD_RUNPATH_SEARCH_PATHS = (
					"$(inherited)",
					"@executable_path/Frameworks",
				);
				MARKETING_VERSION = 1.0;
				PRODUCT_BUNDLE_IDENTIFIER = com.neslihanyalcin.viper.VIPER;
				PRODUCT_NAME = "$(TARGET_NAME)";
				SWIFT_EMIT_LOC_STRINGS = YES;
				SWIFT_VERSION = 5.0;
				TARGETED_DEVICE_FAMILY = 1;
			};
			name = Debug;
		};
		09F5E085279157700005D542 /* Release */ = {
			isa = XCBuildConfiguration;
			buildSettings = {
				ASSETCATALOG_COMPILER_APPICON_NAME = AppIcon;
				ASSETCATALOG_COMPILER_GLOBAL_ACCENT_COLOR_NAME = AccentColor;
				CODE_SIGN_STYLE = Automatic;
				CURRENT_PROJECT_VERSION = 1;
				DEVELOPMENT_TEAM = 28M278MJ4L;
				GENERATE_INFOPLIST_FILE = YES;
				INFOPLIST_FILE = VIPER/Info.plist;
				INFOPLIST_KEY_UIApplicationSupportsIndirectInputEvents = YES;
				INFOPLIST_KEY_UILaunchStoryboardName = LaunchScreen;
				INFOPLIST_KEY_UIMainStoryboardFile = LaunchScreen;
				INFOPLIST_KEY_UISupportedInterfaceOrientations_iPad = "UIInterfaceOrientationPortrait UIInterfaceOrientationPortraitUpsideDown UIInterfaceOrientationLandscapeLeft UIInterfaceOrientationLandscapeRight";
				INFOPLIST_KEY_UISupportedInterfaceOrientations_iPhone = "UIInterfaceOrientationPortrait UIInterfaceOrientationLandscapeLeft UIInterfaceOrientationLandscapeRight";
				IPHONEOS_DEPLOYMENT_TARGET = 15.0;
				LD_RUNPATH_SEARCH_PATHS = (
					"$(inherited)",
					"@executable_path/Frameworks",
				);
				MARKETING_VERSION = 1.0;
				PRODUCT_BUNDLE_IDENTIFIER = com.neslihanyalcin.viper.VIPER;
				PRODUCT_NAME = "$(TARGET_NAME)";
				SWIFT_EMIT_LOC_STRINGS = YES;
				SWIFT_VERSION = 5.0;
				TARGETED_DEVICE_FAMILY = 1;
			};
			name = Release;
		};
		09F5E087279157700005D542 /* Debug */ = {
			isa = XCBuildConfiguration;
			buildSettings = {
				ALWAYS_EMBED_SWIFT_STANDARD_LIBRARIES = YES;
				BUNDLE_LOADER = "$(TEST_HOST)";
				CODE_SIGN_STYLE = Automatic;
				CURRENT_PROJECT_VERSION = 1;
				DEVELOPMENT_TEAM = 28M278MJ4L;
				GENERATE_INFOPLIST_FILE = YES;
				IPHONEOS_DEPLOYMENT_TARGET = 15.0;
				LD_RUNPATH_SEARCH_PATHS = (
					"$(inherited)",
					"@executable_path/Frameworks",
					"@loader_path/Frameworks",
				);
				MARKETING_VERSION = 1.0;
				PRODUCT_BUNDLE_IDENTIFIER = com.neslihanyalcin.viper.VIPERTests;
				PRODUCT_NAME = "$(TARGET_NAME)";
				SWIFT_EMIT_LOC_STRINGS = NO;
				SWIFT_VERSION = 5.0;
				TARGETED_DEVICE_FAMILY = "1,2";
				TEST_HOST = "$(BUILT_PRODUCTS_DIR)/VIPER.app/VIPER";
			};
			name = Debug;
		};
		09F5E088279157700005D542 /* Release */ = {
			isa = XCBuildConfiguration;
			buildSettings = {
				ALWAYS_EMBED_SWIFT_STANDARD_LIBRARIES = YES;
				BUNDLE_LOADER = "$(TEST_HOST)";
				CODE_SIGN_STYLE = Automatic;
				CURRENT_PROJECT_VERSION = 1;
				DEVELOPMENT_TEAM = 28M278MJ4L;
				GENERATE_INFOPLIST_FILE = YES;
				IPHONEOS_DEPLOYMENT_TARGET = 15.0;
				LD_RUNPATH_SEARCH_PATHS = (
					"$(inherited)",
					"@executable_path/Frameworks",
					"@loader_path/Frameworks",
				);
				MARKETING_VERSION = 1.0;
				PRODUCT_BUNDLE_IDENTIFIER = com.neslihanyalcin.viper.VIPERTests;
				PRODUCT_NAME = "$(TARGET_NAME)";
				SWIFT_EMIT_LOC_STRINGS = NO;
				SWIFT_VERSION = 5.0;
				TARGETED_DEVICE_FAMILY = "1,2";
				TEST_HOST = "$(BUILT_PRODUCTS_DIR)/VIPER.app/VIPER";
			};
			name = Release;
		};
		09F5E08A279157700005D542 /* Debug */ = {
			isa = XCBuildConfiguration;
			buildSettings = {
				ALWAYS_EMBED_SWIFT_STANDARD_LIBRARIES = YES;
				CODE_SIGN_STYLE = Automatic;
				CURRENT_PROJECT_VERSION = 1;
				DEVELOPMENT_TEAM = 28M278MJ4L;
				GENERATE_INFOPLIST_FILE = YES;
				LD_RUNPATH_SEARCH_PATHS = (
					"$(inherited)",
					"@executable_path/Frameworks",
					"@loader_path/Frameworks",
				);
				MARKETING_VERSION = 1.0;
				PRODUCT_BUNDLE_IDENTIFIER = com.neslihanyalcin.viper.VIPERUITests;
				PRODUCT_NAME = "$(TARGET_NAME)";
				SWIFT_EMIT_LOC_STRINGS = NO;
				SWIFT_VERSION = 5.0;
				TARGETED_DEVICE_FAMILY = "1,2";
				TEST_TARGET_NAME = VIPER;
			};
			name = Debug;
		};
		09F5E08B279157700005D542 /* Release */ = {
			isa = XCBuildConfiguration;
			buildSettings = {
				ALWAYS_EMBED_SWIFT_STANDARD_LIBRARIES = YES;
				CODE_SIGN_STYLE = Automatic;
				CURRENT_PROJECT_VERSION = 1;
				DEVELOPMENT_TEAM = 28M278MJ4L;
				GENERATE_INFOPLIST_FILE = YES;
				LD_RUNPATH_SEARCH_PATHS = (
					"$(inherited)",
					"@executable_path/Frameworks",
					"@loader_path/Frameworks",
				);
				MARKETING_VERSION = 1.0;
				PRODUCT_BUNDLE_IDENTIFIER = com.neslihanyalcin.viper.VIPERUITests;
				PRODUCT_NAME = "$(TARGET_NAME)";
				SWIFT_EMIT_LOC_STRINGS = NO;
				SWIFT_VERSION = 5.0;
				TARGETED_DEVICE_FAMILY = "1,2";
				TEST_TARGET_NAME = VIPER;
			};
			name = Release;
		};
/* End XCBuildConfiguration section */

/* Begin XCConfigurationList section */
		09F5E0542791576C0005D542 /* Build configuration list for PBXProject "VIPER" */ = {
			isa = XCConfigurationList;
			buildConfigurations = (
				09F5E081279157700005D542 /* Debug */,
				09F5E082279157700005D542 /* Release */,
			);
			defaultConfigurationIsVisible = 0;
			defaultConfigurationName = Release;
		};
		09F5E083279157700005D542 /* Build configuration list for PBXNativeTarget "VIPER" */ = {
			isa = XCConfigurationList;
			buildConfigurations = (
				09F5E084279157700005D542 /* Debug */,
				09F5E085279157700005D542 /* Release */,
			);
			defaultConfigurationIsVisible = 0;
			defaultConfigurationName = Release;
		};
		09F5E086279157700005D542 /* Build configuration list for PBXNativeTarget "VIPERTests" */ = {
			isa = XCConfigurationList;
			buildConfigurations = (
				09F5E087279157700005D542 /* Debug */,
				09F5E088279157700005D542 /* Release */,
			);
			defaultConfigurationIsVisible = 0;
			defaultConfigurationName = Release;
		};
		09F5E089279157700005D542 /* Build configuration list for PBXNativeTarget "VIPERUITests" */ = {
			isa = XCConfigurationList;
			buildConfigurations = (
				09F5E08A279157700005D542 /* Debug */,
				09F5E08B279157700005D542 /* Release */,
			);
			defaultConfigurationIsVisible = 0;
			defaultConfigurationName = Release;
		};
/* End XCConfigurationList section */
	};
	rootObject = 09F5E0512791576C0005D542 /* Project object */;
}
